
Microsoft Visual Studio Solution File, Format Version 12.00
Project("{FAE04EC0-301F-11D3-BF4B-00C04F79EFBC}") = "CosmoBase.Abstractions", "src\CosmoBase.Abstractions\CosmoBase.Abstractions.csproj", "{AD142935-172F-4073-A412-D894D7F2E5C5}"
EndProject
Project("{FAE04EC0-301F-11D3-BF4B-00C04F79EFBC}") = "CosmoBase", "src\CosmoBase\CosmoBase.csproj", "{C6FA06B3-E700-408B-9308-849B0E1EDCFF}"
EndProject
Global
	GlobalSection(SolutionConfigurationPlatforms) = preSolution
		Debug|Any CPU = Debug|Any CPU
		Release|Any CPU = Release|Any CPU
	EndGlobalSection
	GlobalSection(ProjectConfigurationPlatforms) = postSolution
		{AD142935-172F-4073-A412-D894D7F2E5C5}.Debug|Any CPU.ActiveCfg = Debug|Any CPU
		{AD142935-172F-4073-A412-D894D7F2E5C5}.Debug|Any CPU.Build.0 = Debug|Any CPU
		{AD142935-172F-4073-A412-D894D7F2E5C5}.Release|Any CPU.ActiveCfg = Release|Any CPU
		{AD142935-172F-4073-A412-D894D7F2E5C5}.Release|Any CPU.Build.0 = Release|Any CPU
		{C6FA06B3-E700-408B-9308-849B0E1EDCFF}.Debug|Any CPU.ActiveCfg = Debug|Any CPU
		{C6FA06B3-E700-408B-9308-849B0E1EDCFF}.Debug|Any CPU.Build.0 = Debug|Any CPU
		{C6FA06B3-E700-408B-9308-849B0E1EDCFF}.Release|Any CPU.ActiveCfg = Release|Any CPU
		{C6FA06B3-E700-408B-9308-849B0E1EDCFF}.Release|Any CPU.Build.0 = Release|Any CPU
	EndGlobalSection
EndGlobal
